
Microsoft Visual Studio Solution File, Format Version 12.00
# Visual Studio Version 16
VisualStudioVersion = 16.0.32602.291
MinimumVisualStudioVersion = 10.0.40219.1
Project("{FAE04EC0-301F-11D3-BF4B-00C04F79EFBC}") = "JinxyLounge", "JinxyLounge\JinxyLounge.csproj", "{891412D5-5E43-4B53-A1CE-CFE30227DC6E}"
EndProject
Project("{FAE04EC0-301F-11D3-BF4B-00C04F79EFBC}") = "JinxyLounge.Tests", "JinxyLounge.Tests\JinxyLounge.Tests.csproj", "{1E708174-2FCA-4719-8DEA-B1989E3CFDAE}"
EndProject
Project("{FAE04EC0-301F-11D3-BF4B-00C04F79EFBC}") = "JinxyLounge.Domain", "JinxyLounge.Domain\JinxyLounge.Domain.csproj", "{40430F0B-84A3-4062-9BC1-3B7E2D34EC5C}"
EndProject
Global
	GlobalSection(SolutionConfigurationPlatforms) = preSolution
		Debug|Any CPU = Debug|Any CPU
		Release|Any CPU = Release|Any CPU
	EndGlobalSection
	GlobalSection(ProjectConfigurationPlatforms) = postSolution
		{891412D5-5E43-4B53-A1CE-CFE30227DC6E}.Debug|Any CPU.ActiveCfg = Debug|Any CPU
		{891412D5-5E43-4B53-A1CE-CFE30227DC6E}.Debug|Any CPU.Build.0 = Debug|Any CPU
		{891412D5-5E43-4B53-A1CE-CFE30227DC6E}.Release|Any CPU.ActiveCfg = Release|Any CPU
		{891412D5-5E43-4B53-A1CE-CFE30227DC6E}.Release|Any CPU.Build.0 = Release|Any CPU
		{1E708174-2FCA-4719-8DEA-B1989E3CFDAE}.Debug|Any CPU.ActiveCfg = Debug|Any CPU
		{1E708174-2FCA-4719-8DEA-B1989E3CFDAE}.Debug|Any CPU.Build.0 = Debug|Any CPU
		{1E708174-2FCA-4719-8DEA-B1989E3CFDAE}.Release|Any CPU.ActiveCfg = Release|Any CPU
		{1E708174-2FCA-4719-8DEA-B1989E3CFDAE}.Release|Any CPU.Build.0 = Release|Any CPU
		{40430F0B-84A3-4062-9BC1-3B7E2D34EC5C}.Debug|Any CPU.ActiveCfg = Debug|Any CPU
		{40430F0B-84A3-4062-9BC1-3B7E2D34EC5C}.Debug|Any CPU.Build.0 = Debug|Any CPU
		{40430F0B-84A3-4062-9BC1-3B7E2D34EC5C}.Release|Any CPU.ActiveCfg = Release|Any CPU
		{40430F0B-84A3-4062-9BC1-3B7E2D34EC5C}.Release|Any CPU.Build.0 = Release|Any CPU
	EndGlobalSection
	GlobalSection(SolutionProperties) = preSolution
		HideSolutionNode = FALSE
	EndGlobalSection
	GlobalSection(ExtensibilityGlobals) = postSolution
		SolutionGuid = {68F1AD99-2646-4546-83C4-5D9916328739}
	EndGlobalSection
EndGlobal
